
Microsoft Visual Studio Solution File, Format Version 12.00
Project("{FAE04EC0-301F-11D3-BF4B-00C04F79EFBC}") = "Aspie.AppHost", "Aspie.AppHost\Aspie.AppHost.csproj", "{768AE0C3-C266-4AE6-9AC8-55BA3B3E021E}"
EndProject
Project("{2150E333-8FDC-42A3-9474-1A3956D46DE8}") = "Aspire", "Aspire", "{F1A746CA-238C-409E-B3FC-2641E45F65E6}"
EndProject
Project("{FAE04EC0-301F-11D3-BF4B-00C04F79EFBC}") = "Aspire.Extension", "Aspire.Extension\Aspire.Extension.csproj", "{7B57E242-0F94-4183-A32D-704BBDDF4F64}"
EndProject
Project("{2150E333-8FDC-42A3-9474-1A3956D46DE8}") = "Share", "Share", "{79F43CA3-17D9-44FA-9586-C727C1FF7EF6}"
EndProject
Project("{2150E333-8FDC-42A3-9474-1A3956D46DE8}") = "Auth", "Auth", "{0928F76B-6595-4331-90C6-5C764F11AF9A}"
EndProject
Project("{2150E333-8FDC-42A3-9474-1A3956D46DE8}") = "Chat", "Chat", "{AEC23421-6F0B-4F5C-A959-8F6C26A8B36B}"
EndProject
Project("{2150E333-8FDC-42A3-9474-1A3956D46DE8}") = "Notification", "Notification", "{FF6E0E09-9FAA-454E-AC25-E8BF295C37BA}"
EndProject
Project("{FAE04EC0-301F-11D3-BF4B-00C04F79EFBC}") = "Auth.Api", "Auth\Auth.Api\Auth.Api.csproj", "{557B10D8-ABFB-4384-B262-4F27E540B044}"
EndProject
Project("{FAE04EC0-301F-11D3-BF4B-00C04F79EFBC}") = "Auth.Domain", "Auth\Auth.Domain\Auth.Domain.csproj", "{0A384F81-0B52-4C76-9811-44427865A5C3}"
EndProject
Project("{FAE04EC0-301F-11D3-BF4B-00C04F79EFBC}") = "Share", "Share\Share\Share.csproj", "{DBAC0C38-1C57-423C-B240-6A373B120135}"
EndProject
Project("{FAE04EC0-301F-11D3-BF4B-00C04F79EFBC}") = "Auth.DataAccess", "Auth\Auth.DataAccess\Auth.DataAccess.csproj", "{E53E6FF5-075A-4D7A-8F12-1F1704FBAECC}"
EndProject
Project("{FAE04EC0-301F-11D3-BF4B-00C04F79EFBC}") = "Auth.BLogic", "Auth\Auth.BLogic\Auth.BLogic.csproj", "{38BAF7EC-2566-470D-A2F7-54B747716F1E}"
EndProject
Global
	GlobalSection(SolutionConfigurationPlatforms) = preSolution
		Debug|Any CPU = Debug|Any CPU
		Release|Any CPU = Release|Any CPU
	EndGlobalSection
	GlobalSection(ProjectConfigurationPlatforms) = postSolution
		{768AE0C3-C266-4AE6-9AC8-55BA3B3E021E}.Debug|Any CPU.ActiveCfg = Debug|Any CPU
		{768AE0C3-C266-4AE6-9AC8-55BA3B3E021E}.Debug|Any CPU.Build.0 = Debug|Any CPU
		{768AE0C3-C266-4AE6-9AC8-55BA3B3E021E}.Release|Any CPU.ActiveCfg = Release|Any CPU
		{768AE0C3-C266-4AE6-9AC8-55BA3B3E021E}.Release|Any CPU.Build.0 = Release|Any CPU
		{7B57E242-0F94-4183-A32D-704BBDDF4F64}.Debug|Any CPU.ActiveCfg = Debug|Any CPU
		{7B57E242-0F94-4183-A32D-704BBDDF4F64}.Debug|Any CPU.Build.0 = Debug|Any CPU
		{7B57E242-0F94-4183-A32D-704BBDDF4F64}.Release|Any CPU.ActiveCfg = Release|Any CPU
		{7B57E242-0F94-4183-A32D-704BBDDF4F64}.Release|Any CPU.Build.0 = Release|Any CPU
		{557B10D8-ABFB-4384-B262-4F27E540B044}.Debug|Any CPU.ActiveCfg = Debug|Any CPU
		{557B10D8-ABFB-4384-B262-4F27E540B044}.Debug|Any CPU.Build.0 = Debug|Any CPU
		{557B10D8-ABFB-4384-B262-4F27E540B044}.Release|Any CPU.ActiveCfg = Release|Any CPU
		{557B10D8-ABFB-4384-B262-4F27E540B044}.Release|Any CPU.Build.0 = Release|Any CPU
		{0A384F81-0B52-4C76-9811-44427865A5C3}.Debug|Any CPU.ActiveCfg = Debug|Any CPU
		{0A384F81-0B52-4C76-9811-44427865A5C3}.Debug|Any CPU.Build.0 = Debug|Any CPU
		{0A384F81-0B52-4C76-9811-44427865A5C3}.Release|Any CPU.ActiveCfg = Release|Any CPU
		{0A384F81-0B52-4C76-9811-44427865A5C3}.Release|Any CPU.Build.0 = Release|Any CPU
		{DBAC0C38-1C57-423C-B240-6A373B120135}.Debug|Any CPU.ActiveCfg = Debug|Any CPU
		{DBAC0C38-1C57-423C-B240-6A373B120135}.Debug|Any CPU.Build.0 = Debug|Any CPU
		{DBAC0C38-1C57-423C-B240-6A373B120135}.Release|Any CPU.ActiveCfg = Release|Any CPU
		{DBAC0C38-1C57-423C-B240-6A373B120135}.Release|Any CPU.Build.0 = Release|Any CPU
		{E53E6FF5-075A-4D7A-8F12-1F1704FBAECC}.Debug|Any CPU.ActiveCfg = Debug|Any CPU
		{E53E6FF5-075A-4D7A-8F12-1F1704FBAECC}.Debug|Any CPU.Build.0 = Debug|Any CPU
		{E53E6FF5-075A-4D7A-8F12-1F1704FBAECC}.Release|Any CPU.ActiveCfg = Release|Any CPU
		{E53E6FF5-075A-4D7A-8F12-1F1704FBAECC}.Release|Any CPU.Build.0 = Release|Any CPU
		{38BAF7EC-2566-470D-A2F7-54B747716F1E}.Debug|Any CPU.ActiveCfg = Debug|Any CPU
		{38BAF7EC-2566-470D-A2F7-54B747716F1E}.Debug|Any CPU.Build.0 = Debug|Any CPU
		{38BAF7EC-2566-470D-A2F7-54B747716F1E}.Release|Any CPU.ActiveCfg = Release|Any CPU
		{38BAF7EC-2566-470D-A2F7-54B747716F1E}.Release|Any CPU.Build.0 = Release|Any CPU
	EndGlobalSection
	GlobalSection(NestedProjects) = preSolution
		{768AE0C3-C266-4AE6-9AC8-55BA3B3E021E} = {F1A746CA-238C-409E-B3FC-2641E45F65E6}
		{7B57E242-0F94-4183-A32D-704BBDDF4F64} = {F1A746CA-238C-409E-B3FC-2641E45F65E6}
		{557B10D8-ABFB-4384-B262-4F27E540B044} = {0928F76B-6595-4331-90C6-5C764F11AF9A}
		{0A384F81-0B52-4C76-9811-44427865A5C3} = {0928F76B-6595-4331-90C6-5C764F11AF9A}
		{DBAC0C38-1C57-423C-B240-6A373B120135} = {79F43CA3-17D9-44FA-9586-C727C1FF7EF6}
		{E53E6FF5-075A-4D7A-8F12-1F1704FBAECC} = {0928F76B-6595-4331-90C6-5C764F11AF9A}
		{38BAF7EC-2566-470D-A2F7-54B747716F1E} = {0928F76B-6595-4331-90C6-5C764F11AF9A}
	EndGlobalSection
EndGlobal
